
Microsoft Visual Studio Solution File, Format Version 12.00
# Visual Studio Version 16
VisualStudioVersion = 16.0.29806.167
MinimumVisualStudioVersion = 10.0.40219.1
Project("{FAE04EC0-301F-11D3-BF4B-00C04F79EFBC}") = "Factory Method", "Developers Pattern Lerning\Factory Method.csproj", "{09F347CA-55B1-463F-9447-D5FAC8913D81}"
EndProject
Project("{FAE04EC0-301F-11D3-BF4B-00C04F79EFBC}") = "Abstract Factory Method", "Abstract Factory Method\Abstract Factory Method.csproj", "{928AD201-98E5-4CE1-BFD5-81B7262DF4D5}"
EndProject
Project("{FAE04EC0-301F-11D3-BF4B-00C04F79EFBC}") = "Singleton Method", "Singleton Method\Singleton Method.csproj", "{AB47E1E8-BA87-4BEB-B84F-AE4E4E89BB91}"
EndProject
Project("{FAE04EC0-301F-11D3-BF4B-00C04F79EFBC}") = "Prototype Method", "Prototype Method\Prototype Method.csproj", "{FD1BC66F-617A-45BD-A26A-713DD31D6836}"
EndProject
Project("{FAE04EC0-301F-11D3-BF4B-00C04F79EFBC}") = "Builder Method", "Builder Method\Builder Method.csproj", "{F7E26926-D1B5-4D24-92CF-164D1E2B938F}"
EndProject
Project("{FAE04EC0-301F-11D3-BF4B-00C04F79EFBC}") = "Strategy Method", "Strategy Method\Strategy Method.csproj", "{FD915FCC-EE33-4D63-A5E6-F93D9C796443}"
EndProject
Project("{9A19103F-16F7-4668-BE54-9A1E7A4F7556}") = "Observer Method", "Observer Method\Observer Method.csproj", "{C187BEF9-DE0F-4314-B1BE-C7E44629E2DF}"
EndProject
Project("{9A19103F-16F7-4668-BE54-9A1E7A4F7556}") = "Command Method", "Command Method\Command Method.csproj", "{795BE25E-AC87-44BD-94F8-E2FA926B71CD}"
EndProject
Project("{9A19103F-16F7-4668-BE54-9A1E7A4F7556}") = "Template Method", "Template Method\Template Method.csproj", "{08A7FDCD-FC12-4ECF-A22B-A80A588033EB}"
EndProject
Project("{9A19103F-16F7-4668-BE54-9A1E7A4F7556}") = "Iterator Method", "Iterator Method\Iterator Method.csproj", "{A0E695D0-9225-45B3-A9D5-182D0AA90E31}"
EndProject
Project("{9A19103F-16F7-4668-BE54-9A1E7A4F7556}") = "State Method", "State Method\State Method.csproj", "{96D9FFA8-5A63-4F6A-A0AF-DC05FC40AD57}"
EndProject
Project("{FAE04EC0-301F-11D3-BF4B-00C04F79EFBC}") = "Chain of responsibility Method", "Chain of responsibility Method\Chain of responsibility Method.csproj", "{5BF88B35-B205-49D3-87E5-D5B7C04E0A90}"
EndProject
Project("{FAE04EC0-301F-11D3-BF4B-00C04F79EFBC}") = "Interpreter Method", "Interpreter Method\Interpreter Method.csproj", "{806865F0-DF54-4D2C-8B79-96D5AE6A8ECC}"
EndProject
Project("{FAE04EC0-301F-11D3-BF4B-00C04F79EFBC}") = "Mediator Method", "Mediator Method\Mediator Method.csproj", "{AF2E9827-0FBA-4BE6-8896-F6AE0BB656B4}"
EndProject
Project("{FAE04EC0-301F-11D3-BF4B-00C04F79EFBC}") = "Memento Method", "Memento Method\Memento Method.csproj", "{EE63077C-0B19-4D8D-8F54-E169E6E0D20A}"
EndProject
Global
	GlobalSection(SolutionConfigurationPlatforms) = preSolution
		Debug|Any CPU = Debug|Any CPU
		Release|Any CPU = Release|Any CPU
	EndGlobalSection
	GlobalSection(ProjectConfigurationPlatforms) = postSolution
		{09F347CA-55B1-463F-9447-D5FAC8913D81}.Debug|Any CPU.ActiveCfg = Debug|Any CPU
		{09F347CA-55B1-463F-9447-D5FAC8913D81}.Debug|Any CPU.Build.0 = Debug|Any CPU
		{09F347CA-55B1-463F-9447-D5FAC8913D81}.Release|Any CPU.ActiveCfg = Release|Any CPU
		{09F347CA-55B1-463F-9447-D5FAC8913D81}.Release|Any CPU.Build.0 = Release|Any CPU
		{928AD201-98E5-4CE1-BFD5-81B7262DF4D5}.Debug|Any CPU.ActiveCfg = Debug|Any CPU
		{928AD201-98E5-4CE1-BFD5-81B7262DF4D5}.Debug|Any CPU.Build.0 = Debug|Any CPU
		{928AD201-98E5-4CE1-BFD5-81B7262DF4D5}.Release|Any CPU.ActiveCfg = Release|Any CPU
		{928AD201-98E5-4CE1-BFD5-81B7262DF4D5}.Release|Any CPU.Build.0 = Release|Any CPU
		{AB47E1E8-BA87-4BEB-B84F-AE4E4E89BB91}.Debug|Any CPU.ActiveCfg = Debug|Any CPU
		{AB47E1E8-BA87-4BEB-B84F-AE4E4E89BB91}.Debug|Any CPU.Build.0 = Debug|Any CPU
		{AB47E1E8-BA87-4BEB-B84F-AE4E4E89BB91}.Release|Any CPU.ActiveCfg = Release|Any CPU
		{AB47E1E8-BA87-4BEB-B84F-AE4E4E89BB91}.Release|Any CPU.Build.0 = Release|Any CPU
		{FD1BC66F-617A-45BD-A26A-713DD31D6836}.Debug|Any CPU.ActiveCfg = Debug|Any CPU
		{FD1BC66F-617A-45BD-A26A-713DD31D6836}.Debug|Any CPU.Build.0 = Debug|Any CPU
		{FD1BC66F-617A-45BD-A26A-713DD31D6836}.Release|Any CPU.ActiveCfg = Release|Any CPU
		{FD1BC66F-617A-45BD-A26A-713DD31D6836}.Release|Any CPU.Build.0 = Release|Any CPU
		{F7E26926-D1B5-4D24-92CF-164D1E2B938F}.Debug|Any CPU.ActiveCfg = Debug|Any CPU
		{F7E26926-D1B5-4D24-92CF-164D1E2B938F}.Debug|Any CPU.Build.0 = Debug|Any CPU
		{F7E26926-D1B5-4D24-92CF-164D1E2B938F}.Release|Any CPU.ActiveCfg = Release|Any CPU
		{F7E26926-D1B5-4D24-92CF-164D1E2B938F}.Release|Any CPU.Build.0 = Release|Any CPU
		{FD915FCC-EE33-4D63-A5E6-F93D9C796443}.Debug|Any CPU.ActiveCfg = Debug|Any CPU
		{FD915FCC-EE33-4D63-A5E6-F93D9C796443}.Debug|Any CPU.Build.0 = Debug|Any CPU
		{FD915FCC-EE33-4D63-A5E6-F93D9C796443}.Release|Any CPU.ActiveCfg = Release|Any CPU
		{FD915FCC-EE33-4D63-A5E6-F93D9C796443}.Release|Any CPU.Build.0 = Release|Any CPU
		{C187BEF9-DE0F-4314-B1BE-C7E44629E2DF}.Debug|Any CPU.ActiveCfg = Debug|Any CPU
		{C187BEF9-DE0F-4314-B1BE-C7E44629E2DF}.Debug|Any CPU.Build.0 = Debug|Any CPU
		{C187BEF9-DE0F-4314-B1BE-C7E44629E2DF}.Release|Any CPU.ActiveCfg = Release|Any CPU
		{C187BEF9-DE0F-4314-B1BE-C7E44629E2DF}.Release|Any CPU.Build.0 = Release|Any CPU
		{795BE25E-AC87-44BD-94F8-E2FA926B71CD}.Debug|Any CPU.ActiveCfg = Debug|Any CPU
		{795BE25E-AC87-44BD-94F8-E2FA926B71CD}.Debug|Any CPU.Build.0 = Debug|Any CPU
		{795BE25E-AC87-44BD-94F8-E2FA926B71CD}.Release|Any CPU.ActiveCfg = Release|Any CPU
		{795BE25E-AC87-44BD-94F8-E2FA926B71CD}.Release|Any CPU.Build.0 = Release|Any CPU
		{08A7FDCD-FC12-4ECF-A22B-A80A588033EB}.Debug|Any CPU.ActiveCfg = Debug|Any CPU
		{08A7FDCD-FC12-4ECF-A22B-A80A588033EB}.Debug|Any CPU.Build.0 = Debug|Any CPU
		{08A7FDCD-FC12-4ECF-A22B-A80A588033EB}.Release|Any CPU.ActiveCfg = Release|Any CPU
		{08A7FDCD-FC12-4ECF-A22B-A80A588033EB}.Release|Any CPU.Build.0 = Release|Any CPU
		{A0E695D0-9225-45B3-A9D5-182D0AA90E31}.Debug|Any CPU.ActiveCfg = Debug|Any CPU
		{A0E695D0-9225-45B3-A9D5-182D0AA90E31}.Debug|Any CPU.Build.0 = Debug|Any CPU
		{A0E695D0-9225-45B3-A9D5-182D0AA90E31}.Release|Any CPU.ActiveCfg = Release|Any CPU
		{A0E695D0-9225-45B3-A9D5-182D0AA90E31}.Release|Any CPU.Build.0 = Release|Any CPU
		{96D9FFA8-5A63-4F6A-A0AF-DC05FC40AD57}.Debug|Any CPU.ActiveCfg = Debug|Any CPU
		{96D9FFA8-5A63-4F6A-A0AF-DC05FC40AD57}.Debug|Any CPU.Build.0 = Debug|Any CPU
		{96D9FFA8-5A63-4F6A-A0AF-DC05FC40AD57}.Release|Any CPU.ActiveCfg = Release|Any CPU
		{96D9FFA8-5A63-4F6A-A0AF-DC05FC40AD57}.Release|Any CPU.Build.0 = Release|Any CPU
		{5BF88B35-B205-49D3-87E5-D5B7C04E0A90}.Debug|Any CPU.ActiveCfg = Debug|Any CPU
		{5BF88B35-B205-49D3-87E5-D5B7C04E0A90}.Debug|Any CPU.Build.0 = Debug|Any CPU
		{5BF88B35-B205-49D3-87E5-D5B7C04E0A90}.Release|Any CPU.ActiveCfg = Release|Any CPU
		{5BF88B35-B205-49D3-87E5-D5B7C04E0A90}.Release|Any CPU.Build.0 = Release|Any CPU
		{806865F0-DF54-4D2C-8B79-96D5AE6A8ECC}.Debug|Any CPU.ActiveCfg = Debug|Any CPU
		{806865F0-DF54-4D2C-8B79-96D5AE6A8ECC}.Debug|Any CPU.Build.0 = Debug|Any CPU
		{806865F0-DF54-4D2C-8B79-96D5AE6A8ECC}.Release|Any CPU.ActiveCfg = Release|Any CPU
		{806865F0-DF54-4D2C-8B79-96D5AE6A8ECC}.Release|Any CPU.Build.0 = Release|Any CPU
		{AF2E9827-0FBA-4BE6-8896-F6AE0BB656B4}.Debug|Any CPU.ActiveCfg = Debug|Any CPU
		{AF2E9827-0FBA-4BE6-8896-F6AE0BB656B4}.Debug|Any CPU.Build.0 = Debug|Any CPU
		{AF2E9827-0FBA-4BE6-8896-F6AE0BB656B4}.Release|Any CPU.ActiveCfg = Release|Any CPU
		{AF2E9827-0FBA-4BE6-8896-F6AE0BB656B4}.Release|Any CPU.Build.0 = Release|Any CPU
		{EE63077C-0B19-4D8D-8F54-E169E6E0D20A}.Debug|Any CPU.ActiveCfg = Debug|Any CPU
		{EE63077C-0B19-4D8D-8F54-E169E6E0D20A}.Debug|Any CPU.Build.0 = Debug|Any CPU
		{EE63077C-0B19-4D8D-8F54-E169E6E0D20A}.Release|Any CPU.ActiveCfg = Release|Any CPU
		{EE63077C-0B19-4D8D-8F54-E169E6E0D20A}.Release|Any CPU.Build.0 = Release|Any CPU
	EndGlobalSection
	GlobalSection(SolutionProperties) = preSolution
		HideSolutionNode = FALSE
	EndGlobalSection
	GlobalSection(ExtensibilityGlobals) = postSolution
		SolutionGuid = {0BB5218A-EBBF-4A23-85EC-2EB313626972}
	EndGlobalSection
EndGlobal
